
Microsoft Visual Studio Solution File, Format Version 12.00
# Visual Studio Version 17
VisualStudioVersion = 17.0.31903.59
MinimumVisualStudioVersion = 10.0.40219.1
Project("{FAE04EC0-301F-11D3-BF4B-00C04F79EFBC}") = "NetPresence", "NetPresence.csproj", "{506A491A-B16F-48AB-A290-B0D619CD019B}"
EndProject
Project("{FAE04EC0-301F-11D3-BF4B-00C04F79EFBC}") = "NetPresence.Tests", "NetPresence.Tests\NetPresence.Tests.csproj", "{F37328BE-521A-4476-AB3A-1C6BE23A636D}"
EndProject
Global
	GlobalSection(SolutionConfigurationPlatforms) = preSolution
		Debug|Any CPU = Debug|Any CPU
		Release|Any CPU = Release|Any CPU
	EndGlobalSection
	GlobalSection(SolutionProperties) = preSolution
		HideSolutionNode = FALSE
	EndGlobalSection
	GlobalSection(ProjectConfigurationPlatforms) = postSolution
		{506A491A-B16F-48AB-A290-B0D619CD019B}.Debug|Any CPU.ActiveCfg = Debug|Any CPU
		{506A491A-B16F-48AB-A290-B0D619CD019B}.Debug|Any CPU.Build.0 = Debug|Any CPU
		{506A491A-B16F-48AB-A290-B0D619CD019B}.Release|Any CPU.ActiveCfg = Release|Any CPU
		{506A491A-B16F-48AB-A290-B0D619CD019B}.Release|Any CPU.Build.0 = Release|Any CPU
		{F37328BE-521A-4476-AB3A-1C6BE23A636D}.Debug|Any CPU.ActiveCfg = Debug|Any CPU
		{F37328BE-521A-4476-AB3A-1C6BE23A636D}.Debug|Any CPU.Build.0 = Debug|Any CPU
		{F37328BE-521A-4476-AB3A-1C6BE23A636D}.Release|Any CPU.ActiveCfg = Release|Any CPU
		{F37328BE-521A-4476-AB3A-1C6BE23A636D}.Release|Any CPU.Build.0 = Release|Any CPU
	EndGlobalSection
EndGlobal
